
Microsoft Visual Studio Solution File, Format Version 12.00
# Visual Studio Version 17
VisualStudioVersion = 17.4.33213.308
MinimumVisualStudioVersion = 10.0.40219.1
Project("{FAE04EC0-301F-11D3-BF4B-00C04F79EFBC}") = "20230201永慶", "20230201永慶\20230201永慶.csproj", "{84D74C57-D18C-4C7C-B318-967F25AD0996}"
EndProject
Global
	GlobalSection(SolutionConfigurationPlatforms) = preSolution
		Debug|Any CPU = Debug|Any CPU
		Release|Any CPU = Release|Any CPU
	EndGlobalSection
	GlobalSection(ProjectConfigurationPlatforms) = postSolution
		{84D74C57-D18C-4C7C-B318-967F25AD0996}.Debug|Any CPU.ActiveCfg = Debug|Any CPU
		{84D74C57-D18C-4C7C-B318-967F25AD0996}.Debug|Any CPU.Build.0 = Debug|Any CPU
		{84D74C57-D18C-4C7C-B318-967F25AD0996}.Release|Any CPU.ActiveCfg = Release|Any CPU
		{84D74C57-D18C-4C7C-B318-967F25AD0996}.Release|Any CPU.Build.0 = Release|Any CPU
	EndGlobalSection
	GlobalSection(SolutionProperties) = preSolution
		HideSolutionNode = FALSE
	EndGlobalSection
	GlobalSection(ExtensibilityGlobals) = postSolution
		SolutionGuid = {A14B3DA5-9716-4C26-823D-BE9934211BA4}
	EndGlobalSection
EndGlobal
